
Microsoft Visual Studio Solution File, Format Version 12.00
# Visual Studio Version 16
VisualStudioVersion = 16.0.31424.327
MinimumVisualStudioVersion = 10.0.40219.1
Project("{9A19103F-16F7-4668-BE54-9A1E7A4F7556}") = "LanternCardGame", "LanternCardGame.csproj", "{5F47E7DB-A932-4014-AB10-451D797AB56C}"
EndProject
Global
	GlobalSection(SolutionConfigurationPlatforms) = preSolution
		Debug|Any CPU = Debug|Any CPU
		Release|Any CPU = Release|Any CPU
	EndGlobalSection
	GlobalSection(ProjectConfigurationPlatforms) = postSolution
		{5F47E7DB-A932-4014-AB10-451D797AB56C}.Debug|Any CPU.ActiveCfg = Debug|Any CPU
		{5F47E7DB-A932-4014-AB10-451D797AB56C}.Debug|Any CPU.Build.0 = Debug|Any CPU
		{5F47E7DB-A932-4014-AB10-451D797AB56C}.Release|Any CPU.ActiveCfg = Release|Any CPU
		{5F47E7DB-A932-4014-AB10-451D797AB56C}.Release|Any CPU.Build.0 = Release|Any CPU
	EndGlobalSection
	GlobalSection(SolutionProperties) = preSolution
		HideSolutionNode = FALSE
	EndGlobalSection
	GlobalSection(ExtensibilityGlobals) = postSolution
		SolutionGuid = {C3C72CFB-E69D-4C0B-9C15-B8C173A2648E}
	EndGlobalSection
EndGlobal
